
Microsoft Visual Studio Solution File, Format Version 12.00
# Visual Studio Version 17
VisualStudioVersion = 17.5.002.0
MinimumVisualStudioVersion = 10.0.40219.1
Project("{9A19103F-16F7-4668-BE54-9A1E7A4F7556}") = "Arrays", "Arrays.csproj", "{0E7BD277-9CB4-4F26-9BC7-5785F8CEEE81}"
EndProject
Global
	GlobalSection(SolutionConfigurationPlatforms) = preSolution
		Debug|Any CPU = Debug|Any CPU
		Release|Any CPU = Release|Any CPU
	EndGlobalSection
	GlobalSection(ProjectConfigurationPlatforms) = postSolution
		{0E7BD277-9CB4-4F26-9BC7-5785F8CEEE81}.Debug|Any CPU.ActiveCfg = Debug|Any CPU
		{0E7BD277-9CB4-4F26-9BC7-5785F8CEEE81}.Debug|Any CPU.Build.0 = Debug|Any CPU
		{0E7BD277-9CB4-4F26-9BC7-5785F8CEEE81}.Release|Any CPU.ActiveCfg = Release|Any CPU
		{0E7BD277-9CB4-4F26-9BC7-5785F8CEEE81}.Release|Any CPU.Build.0 = Release|Any CPU
	EndGlobalSection
	GlobalSection(SolutionProperties) = preSolution
		HideSolutionNode = FALSE
	EndGlobalSection
	GlobalSection(ExtensibilityGlobals) = postSolution
		SolutionGuid = {D56344B7-C8C7-44D8-8943-DF9E799D2024}
	EndGlobalSection
EndGlobal
